
Microsoft Visual Studio Solution File, Format Version 12.00
# Visual Studio Version 17
VisualStudioVersion = 17.3.32819.101
MinimumVisualStudioVersion = 10.0.40219.1
Project("{FAE04EC0-301F-11D3-BF4B-00C04F79EFBC}") = "brainfuck-interpreter", "brainfuck-interpreter\brainfuck-interpreter.csproj", "{D6AEB7F1-ACE4-4EA6-8124-34C77D7AF406}"
EndProject
Global
	GlobalSection(SolutionConfigurationPlatforms) = preSolution
		Debug|Any CPU = Debug|Any CPU
		Release|Any CPU = Release|Any CPU
	EndGlobalSection
	GlobalSection(ProjectConfigurationPlatforms) = postSolution
		{D6AEB7F1-ACE4-4EA6-8124-34C77D7AF406}.Debug|Any CPU.ActiveCfg = Debug|Any CPU
		{D6AEB7F1-ACE4-4EA6-8124-34C77D7AF406}.Debug|Any CPU.Build.0 = Debug|Any CPU
		{D6AEB7F1-ACE4-4EA6-8124-34C77D7AF406}.Release|Any CPU.ActiveCfg = Release|Any CPU
		{D6AEB7F1-ACE4-4EA6-8124-34C77D7AF406}.Release|Any CPU.Build.0 = Release|Any CPU
	EndGlobalSection
	GlobalSection(SolutionProperties) = preSolution
		HideSolutionNode = FALSE
	EndGlobalSection
	GlobalSection(ExtensibilityGlobals) = postSolution
		SolutionGuid = {6EBB6469-9FA6-4430-8006-F32D934EF17E}
	EndGlobalSection
EndGlobal
